{"SurveyEntry":{"SurveyID":"SV_bvCpFYgmss9UV8O","SurveyName":"Agreeableness Adaptive Inventory 11\/17\/23","SurveyDescription":null,"SurveyOwnerID":"UR_0kMLPBbrvqdx0IB","SurveyBrandID":"nd","DivisionID":null,"SurveyLanguage":"EN","SurveyActiveResponseSet":"RS_8B3Lj7Gzu5fOUnA","SurveyStatus":"Active","SurveyStartDate":"0000-00-00 00:00:00","SurveyExpirationDate":"0000-00-00 00:00:00","SurveyCreationDate":"2023-11-17 08:58:39","CreatorID":"UR_0kMLPBbrvqdx0IB","LastModified":"2023-11-17 09:14:20","LastAccessed":"0000-00-00 00:00:00","LastActivated":"2023-11-17 09:04:51","Deleted":null},"SurveyElements":[{"SurveyID":"SV_bvCpFYgmss9UV8O","Element":"BL","PrimaryAttribute":"Survey Blocks","SecondaryAttribute":null,"TertiaryAttribute":null,"Payload":[{"Type":"Default","Description":"Default Question Block","ID":"BL_7X1fZElbedh4Q98","BlockElements":[{"Type":"Question","QuestionID":"QID1"}],"Options":{"BlockLocking":"false","RandomizeQuestions":"false","Looping":"Static","LoopingOptions":{"Static":{"1":{"1":""},"2":{"1":""},"3":{"1":""},"4":{"1":""}},"Randomization":"None"}}},{"Type":"Trash","Description":"Trash \/ Unused Questions","ID":"BL_0vbZYPHopWAKIV8"},{"Type":"Standard","SubType":"","Description":"Block 1","ID":"BL_d1jDq0OZWIFXuQe","BlockElements":[{"Type":"Question","QuestionID":"QID2"}]}]},{"SurveyID":"SV_bvCpFYgmss9UV8O","Element":"FL","PrimaryAttribute":"Survey Flow","SecondaryAttribute":null,"TertiaryAttribute":null,"Payload":{"Type":"Root","FlowID":"FL_1","Flow":[{"Type":"EmbeddedData","FlowID":"FL_3","EmbeddedData":[{"Description":"next_item","Type":"Custom","Field":"next_item","VariableType":"String","DataVisibility":[],"AnalyzeText":false,"Value":"-1"},{"Description":"last_item","Type":"Custom","Field":"last_item","VariableType":"String","DataVisibility":[],"AnalyzeText":false,"Value":"-1"},{"Description":"last_answer","Type":"Custom","Field":"last_answer","VariableType":"String","DataVisibility":[],"AnalyzeText":false,"Value":"-1"},{"Description":"catObj","Type":"Custom","Field":"catObj","VariableType":"String","DataVisibility":[],"AnalyzeText":false,"Value":"{\"ids\":[\"q86\",\"q6\",\"q66\",\"q46\",\"q36\",\"q26\",\"q56\",\"q76\",\"q13\",\"q96\",\"q82\",\"q9\",\"q22\",\"q32\",\"q92\",\"q42\",\"q52\",\"q62\",\"q2\",\"q72\"],\"guessing\":[0,0,0,0,0,0,0,0,0,0,0,0,0,0,0,0,0,0,0,0],\"discrimination\":[1.3963,1.3326,1.8202,1.2309,0.9626,1.2288,1.1693,1.2768,0.8478,1.3226,-0.9241,-1.6872,-0.9958,-1.2405,-1.7112,-0.9724,-1.0604,-1.0066,-1.0676,-0.982],\"difficulty\":{\"q86\":[-4.2903,-2.3397,-0.9556,1.2805],\"q6\":[-3.9239,-1.9585,-0.4538,1.957],\"q66\":[-6.6883,-4.8431,-3.2724,-0.3199],\"q46\":[-5.2568,-3.1619,-1.9932,0.3131],\"q36\":[-4.6495,-2.7745,-1.0214,1.1325],\"q26\":[-5.0647,-3.4894,-2.2795,0.0647],\"q56\":[-3.168,-1.281,-0.0864,2.3715],\"q76\":[-4.7167,-3.2258,-2.1583,0.0529],\"q13\":[-3.1498,-1.449,-0.3393,1.5828],\"q96\":[-3.9664,-2.161,-1.1066,0.9495],\"q82\":[-2.5447,-1.2081,-0.1718,1.4212],\"q9\":[-0.4571,0.9286,2.267,4.1354],\"q22\":[-2.8898,-1.1475,-0.0775,1.9833],\"q32\":[-1.4115,0.2023,1.4534,3.3185],\"q92\":[-0.9869,0.6304,1.8255,3.8576],\"q42\":[-1.1414,0.0517,1.0654,2.8839],\"q52\":[-2.7205,-0.9003,0.6424,2.8846],\"q62\":[-1.9316,-0.2035,0.9684,3.0453],\"q2\":[-1.8407,-0.2952,0.641,2.6823],\"q72\":[-1.7358,-0.2238,1.0506,2.8546]},\"answers\":[null,null,null,null,null,null,null,null,null,null,null,null,null,null,null,null,null,null,null,null],\"priorName\":[\"NORMAL\"],\"priorParams\":[0.113,1.5],\"lowerBound\":[-5],\"upperBound\":[5],\"model\":[\"grm\"],\"estimation\":[\"EAP\"],\"estimationDefault\":[\"MAP\"],\"selection\":[\"EPV\"],\"z\":[0.9],\"lengthThreshold\":[4],\"seThreshold\":[null],\"infoThreshold\":[null],\"gainThreshold\":[null],\"lengthOverride\":[null],\"gainOverride\":[null]}"}]},{"Type":"Block","ID":"BL_7X1fZElbedh4Q98","FlowID":"FL_2","Autofill":[]},{"Type":"Standard","ID":"BL_d1jDq0OZWIFXuQe","FlowID":"FL_4","Autofill":[]}],"Properties":{"Count":4,"RemovedFieldsets":[]}}},{"SurveyID":"SV_bvCpFYgmss9UV8O","Element":"PL","PrimaryAttribute":"Preview Link","SecondaryAttribute":null,"TertiaryAttribute":null,"Payload":{"PreviewType":"Brand","PreviewID":"1c187954-6a1f-4ad2-98ab-880b60993f36"}},{"SurveyID":"SV_bvCpFYgmss9UV8O","Element":"SO","PrimaryAttribute":"Survey Options","SecondaryAttribute":null,"TertiaryAttribute":null,"Payload":{"BackButton":"false","SaveAndContinue":"true","SurveyProtection":"PublicSurvey","BallotBoxStuffingPrevention":"false","NoIndex":"Yes","SecureResponseFiles":"true","SurveyExpiration":"None","SurveyTermination":"DefaultMessage","Header":"<script>\n\nvar qtext = {\n1: { \"text\" : \"I have a good word for everyone.\", \"responses\" : { 1 : \"Very inaccurate\", 2 : \"Moderately inaccurate\", 3 : \"Neither inaccurate nor accurate\", 4 : \"Moderately accurate\", 5 : \"Very accurate\" } },\n2: { \"text\" : \"I believe that others have good intentions.\", \"responses\" : { 1 : \"Very inaccurate\", 2 : \"Moderately inaccurate\", 3 : \"Neither inaccurate nor accurate\", 4 : \"Moderately accurate\", 5 : \"Very accurate\" } },\n3: { \"text\" : \"I respect others.\", \"responses\" : { 1 : \"Very inaccurate\", 2 : \"Moderately inaccurate\", 3 : \"Neither inaccurate nor accurate\", 4 : \"Moderately accurate\", 5 : \"Very accurate\" } },\n4: { \"text\" : \"I accept people as they are.\", \"responses\" : { 1 : \"Very inaccurate\", 2 : \"Moderately inaccurate\", 3 : \"Neither inaccurate nor accurate\", 4 : \"Moderately accurate\", 5 : \"Very accurate\" } },\n5: { \"text\" : \"I make people feel at ease.\", \"responses\" : { 1 : \"Very inaccurate\", 2 : \"Moderately inaccurate\", 3 : \"Neither inaccurate nor accurate\", 4 : \"Moderately accurate\", 5 : \"Very accurate\" } },\n6: { \"text\" : \"I am concerned about others.\", \"responses\" : { 1 : \"Very inaccurate\", 2 : \"Moderately inaccurate\", 3 : \"Neither inaccurate nor accurate\", 4 : \"Moderately accurate\", 5 : \"Very accurate\" } },\n7: { \"text\" : \"I trust what people say.\", \"responses\" : { 1 : \"Very inaccurate\", 2 : \"Moderately inaccurate\", 3 : \"Neither inaccurate nor accurate\", 4 : \"Moderately accurate\", 5 : \"Very accurate\" } },\n8: { \"text\" : \"I sympathize with others' feelings.\", \"responses\" : { 1 : \"Very inaccurate\", 2 : \"Moderately inaccurate\", 3 : \"Neither inaccurate nor accurate\", 4 : \"Moderately accurate\", 5 : \"Very accurate\" } },\n9: { \"text\" : \"I am easy to satisfy.\", \"responses\" : { 1 : \"Very inaccurate\", 2 : \"Moderately inaccurate\", 3 : \"Neither inaccurate nor accurate\", 4 : \"Moderately accurate\", 5 : \"Very accurate\" } },\n10: { \"text\" : \"I treat all people equally.\", \"responses\" : { 1 : \"Very inaccurate\", 2 : \"Moderately inaccurate\", 3 : \"Neither inaccurate nor accurate\", 4 : \"Moderately accurate\", 5 : \"Very accurate\" } },\n11: { \"text\" : \"I have a sharp tongue.\", \"responses\" : { 1 : \"Very inaccurate\", 2 : \"Moderately inaccurate\", 3 : \"Neither inaccurate nor accurate\", 4 : \"Moderately accurate\", 5 : \"Very accurate\" } },\n12: { \"text\" : \"I cut others to pieces.\", \"responses\" : { 1 : \"Very inaccurate\", 2 : \"Moderately inaccurate\", 3 : \"Neither inaccurate nor accurate\", 4 : \"Moderately accurate\", 5 : \"Very accurate\" } },\n13: { \"text\" : \"I suspect hidden motives in others.\", \"responses\" : { 1 : \"Very inaccurate\", 2 : \"Moderately inaccurate\", 3 : \"Neither inaccurate nor accurate\", 4 : \"Moderately accurate\", 5 : \"Very accurate\" } },\n14: { \"text\" : \"I get back at others.\", \"responses\" : { 1 : \"Very inaccurate\", 2 : \"Moderately inaccurate\", 3 : \"Neither inaccurate nor accurate\", 4 : \"Moderately accurate\", 5 : \"Very accurate\" } },\n15: { \"text\" : \"I insult people.\", \"responses\" : { 1 : \"Very inaccurate\", 2 : \"Moderately inaccurate\", 3 : \"Neither inaccurate nor accurate\", 4 : \"Moderately accurate\", 5 : \"Very accurate\" } },\n16: { \"text\" : \"I believe that I am better than others.\", \"responses\" : { 1 : \"Very inaccurate\", 2 : \"Moderately inaccurate\", 3 : \"Neither inaccurate nor accurate\", 4 : \"Moderately accurate\", 5 : \"Very accurate\" } },\n17: { \"text\" : \"I contradict others.\", \"responses\" : { 1 : \"Very inaccurate\", 2 : \"Moderately inaccurate\", 3 : \"Neither inaccurate nor accurate\", 4 : \"Moderately accurate\", 5 : \"Very accurate\" } },\n18: { \"text\" : \"I make demands on others.\", \"responses\" : { 1 : \"Very inaccurate\", 2 : \"Moderately inaccurate\", 3 : \"Neither inaccurate nor accurate\", 4 : \"Moderately accurate\", 5 : \"Very accurate\" } },\n19: { \"text\" : \"I hold a grudge.\", \"responses\" : { 1 : \"Very inaccurate\", 2 : \"Moderately inaccurate\", 3 : \"Neither inaccurate nor accurate\", 4 : \"Moderately accurate\", 5 : \"Very accurate\" } },\n20: { \"text\" : \"I am out for my own personal gain.\", \"responses\" : { 1 : \"Very inaccurate\", 2 : \"Moderately inaccurate\", 3 : \"Neither inaccurate nor accurate\", 4 : \"Moderately accurate\", 5 : \"Very accurate\" } }\n};\n\nvar potentials = null;\nfunction setPotentials(pots) {\npotentials = pots\n}\nfunction getPotentials() {\nreturn potentials;\n}\n<\/script>","Footer":"","ProgressBarDisplay":"None","PartialData":"+1 week","ValidationMessage":"","PreviousButton":"","NextButton":" \u2192 ","SurveyTitle":"Qualtrics Survey | Qualtrics Experience Management","SkinLibrary":"nd","SkinType":"templated","Skin":{"brandingId":"9559413751","templateId":"*base","overrides":null},"NewScoring":1,"SurveyMetaDescription":"The most powerful, simple and trusted way to gather experience data. Start your journey to experience management and try a free account today.","CustomStyles":[],"headerMid":"","SurveyName":"Agreeableness Adaptive Inventory 11\/17\/23","ProtectSelectionIds":true}},{"SurveyID":"SV_bvCpFYgmss9UV8O","Element":"SCO","PrimaryAttribute":"Scoring","SecondaryAttribute":null,"TertiaryAttribute":null,"Payload":{"ScoringCategories":[],"ScoringCategoryGroups":[],"ScoringSummaryCategory":null,"ScoringSummaryAfterQuestions":0,"ScoringSummaryAfterSurvey":0,"DefaultScoringCategory":null,"AutoScoringCategory":null}},{"SurveyID":"SV_bvCpFYgmss9UV8O","Element":"PROJ","PrimaryAttribute":"CORE","SecondaryAttribute":null,"TertiaryAttribute":"1.1.0","Payload":{"ProjectCategory":"CORE","SchemaVersion":"1.1.0"}},{"SurveyID":"SV_bvCpFYgmss9UV8O","Element":"STAT","PrimaryAttribute":"Survey Statistics","SecondaryAttribute":null,"TertiaryAttribute":null,"Payload":{"MobileCompatible":true,"ID":"Survey Statistics"}},{"SurveyID":"SV_bvCpFYgmss9UV8O","Element":"QC","PrimaryAttribute":"Survey Question Count","SecondaryAttribute":"2","TertiaryAttribute":null,"Payload":null},{"SurveyID":"SV_bvCpFYgmss9UV8O","Element":"SQ","PrimaryAttribute":"QID2","SecondaryAttribute":"Adding a final block because you cannot conclude the survey with the CAT object block.","TertiaryAttribute":null,"Payload":{"QuestionText":"Adding a final block because you cannot conclude the survey with the CAT object block.","DefaultChoices":false,"DataExportTag":"Q2","QuestionID":"QID2","QuestionType":"DB","Selector":"TB","Configuration":{"QuestionDescriptionOption":"UseText"},"QuestionDescription":"Adding a final block because you cannot conclude the survey with the CAT object block.","ChoiceOrder":[],"Validation":{"Settings":{"Type":"None"}},"GradingData":[],"Language":[],"NextChoiceId":4,"NextAnswerId":1}},{"SurveyID":"SV_bvCpFYgmss9UV8O","Element":"RS","PrimaryAttribute":"RS_8B3Lj7Gzu5fOUnA","SecondaryAttribute":"Default Response Set","TertiaryAttribute":null,"Payload":null},{"SurveyID":"SV_bvCpFYgmss9UV8O","Element":"SQ","PrimaryAttribute":"QID1","SecondaryAttribute":"Loading...","TertiaryAttribute":null,"Payload":{"QuestionText":"Loading...","DataExportTag":"Q1","QuestionType":"MC","Selector":"SAVR","SubSelector":"TX","Configuration":{"QuestionDescriptionOption":"UseText"},"QuestionDescription":"Loading...","Choices":{"1":{"Display":"Loading..."},"2":{"Display":"Loading..."},"3":{"Display":"Loading..."},"4":{"Display":"Loading..."},"5":{"Display":"Loading..."}},"ChoiceOrder":["1","2","3","4","5"],"Validation":{"Settings":{"ForceResponse":"OFF","Type":"None"}},"Language":[],"NextChoiceId":6,"NextAnswerId":1,"QuestionID":"QID1","QuestionJS":"Qualtrics.SurveyEngine.addOnReady(function () {\n    $('NextButton').hide();\n\tvar delay = +Qualtrics.SurveyEngine.getEmbeddedData('delay');\n\t(function(){$('NextButton').show();}).delay(delay);\n});\n\n\nQualtrics.SurveyEngine.addOnload(function()\n{\n\tconsole.log('v6.0');\n\n\tvar domain = \"https:\/\/catsurv.com\";\n    \tvar url = domain + \"\/ocpu\/library\/catSurv\/R\/processAJAX\";\n\n\tvar last_item = +Qualtrics.SurveyEngine.getEmbeddedData('last_item');\n\tvar last_answer = +Qualtrics.SurveyEngine.getEmbeddedData('last_answer');\n\t\n\tvar isFirst = false;\n\tif (last_item == -1) {\n\t\tisFirst = true;\n\t}\n\t\n\tif ((+last_item) != -1) {\n\t\tvar newCat = JSON.parse(JSON.parse('\"' + Qualtrics.SurveyEngine.getEmbeddedData(\"catObj\").replace(\/\"\/g, '\\\\\"') + '\"'));\n\t\tnewCat['answers'][last_item-1] = last_answer;\n\t\tQualtrics.SurveyEngine.setEmbeddedData(\"catObj\", JSON.stringify(newCat));\n\t}\n\tvar payload = \"\\\"\" + Qualtrics.SurveyEngine.getEmbeddedData(\"catObj\").replace(\/\"\/g, '\\\\\"') + \"\\\"\";\n\n\tjQuery.ajax({\n\t\ttype: \"POST\",\n\t\turl: url,\n\t\t\n\t\tdata: {\n\t\t\t\"catObj\": payload,\n\t\t\t\"item\": +Qualtrics.SurveyEngine.getEmbeddedData('next_item'),\n\t\t},\n\t\t\n\t\tasync: !isFirst,\n\t\tcrossDomain: true,\n\t\tsuccess: function (response) {\n\t\t\tresponseTxt = response.split(\"\\n\")[0] + \"\/json\";\n\t\t\tjQuery.ajax({\n\t\t\t\ttype: \"GET\",\n\t\t\t\turl: \"https:\/\/catsurv.com\" + responseTxt,\n\t\t\t\tasync: false,\n\t\t\t\tcrossDomain: true,\n\t\t\t\tsuccess: function (r) {\n\t\t\t\t\tif ('firstThing' in r) {\n\t\t\t\t\t\tQualtrics.SurveyEngine.setEmbeddedData('next_item', r.firstThing[0]);\n\t\t\t\t\t}\n\t\t\t\t\t\t\n\t\t\t\t\tif ('lastItem' in r) {\n\t\t\t\t\t\tQualtrics.SurveyEngine.setEmbeddedData('final_item', 1);\n\t\t\t\t\t}\n\t\t\t\t\t\t\n\t\t\t\t\tvar pots = {\n\t\t\t\t\t\t'nexts': r.next_item,\n\t\t\t\t\t\t'resps': r.response_option\n\t\t\t\t\t}\n\t\t\t\t\tsetPotentials(pots);\n\t\t\t\t}\n\t\t\t});\n\t\t}\n\t});\n\n});\n\nQualtrics.SurveyEngine.addOnReady(function()\n{\t\n\tif (+Qualtrics.SurveyEngine.getEmbeddedData(\"next_item\") == -1) {\n\t\treturn;\n\t}\n\t\n\tvar next_item_info = qtext[+Qualtrics.SurveyEngine.getEmbeddedData(\"next_item\")];\n\t\n\tvar next_item_text = next_item_info['text'];\n\tvar questionText = jQuery('.QuestionText')[0];\n\tquestionText.innerHTML = next_item_text;\n\t\n\tvar next_item_resp = next_item_info['responses'];\n\tvar numResps = Object.keys(next_item_resp).length;\n\t\n\tvar choices = jQuery('.ChoiceStructure').children();\n\tfor (var i = numResps; i < choices.length; i++) {\n\t\tchoices[i].remove();\n\t}\n\tchoices = jQuery('.ChoiceStructure').children();\n\t\n\tvar spans = jQuery('.ChoiceStructure > li > span > label > span');\n\tfor (var i = 0; i < spans.length; i++) {\n\t\tspans[i].innerHTML = next_item_resp[i+1];\n\t}\n});\n\nQualtrics.SurveyEngine.addOnUnload(function()\n{\n\tvar last_item = +Qualtrics.SurveyEngine.getEmbeddedData('last_item');\n\tvar last_answer = +Qualtrics.SurveyEngine.getEmbeddedData('last_answer');\n\n\tif ((+last_item) != -1) {\n\t\tvar newCat = JSON.parse(JSON.parse('\"' + Qualtrics.SurveyEngine.getEmbeddedData(\"catObj\").replace(\/\"\/g, '\\\\\"') + '\"'));\n\t\tnewCat['answers'][last_item-1] = last_answer;\n\t\tQualtrics.SurveyEngine.setEmbeddedData(\"catObj\", JSON.stringify(newCat));\n\t}\n\t\n\tif (+Qualtrics.SurveyEngine.getEmbeddedData(\"next_item\") == -1) {\n\t\treturn;\n\t}\n\n\tvar selectedAnswer =  parseInt(this.getSelectedChoices()[0]);\t\/\/ The minus 1 is for binary model.\n\tconsole.log(selectedAnswer);\n\tif (Number.isNaN(selectedAnswer)) {\n\t\tselectedAnswer = -1;\n\t}\n\tQualtrics.SurveyEngine.setEmbeddedData(\"last_item\", +Qualtrics.SurveyEngine.getEmbeddedData(\"next_item\"));\n\tQualtrics.SurveyEngine.setEmbeddedData(\"last_answer\", selectedAnswer);\n\t\n\tvar last_answer_idx = +Qualtrics.SurveyEngine.getEmbeddedData(\"last_answer\");\n\tif (selectedAnswer == -1) {\n\t\tlast_answer_idx = 0;\n\t}\n\tQualtrics.SurveyEngine.setEmbeddedData(\"next_item\", getPotentials().nexts[last_answer_idx]);\n\t\n\tvar final_item = +Qualtrics.SurveyEngine.getEmbeddedData(\"final_item\");\n\tif (final_item == 1) {\n\t\tvar final_last_item = Qualtrics.SurveyEngine.getEmbeddedData(\"last_item\");\n\t\tvar final_last_answer = Qualtrics.SurveyEngine.getEmbeddedData(\"last_answer\");\n\t\tvar newCat = JSON.parse(JSON.parse('\"' + Qualtrics.SurveyEngine.getEmbeddedData(\"catObj\").replace(\/\"\/g, '\\\\\"') + '\"'));\n\t\tnewCat['answers'][final_last_item-1] = final_last_answer;\n\t\tQualtrics.SurveyEngine.setEmbeddedData(\"catObj\", JSON.stringify(newCat));\n\t}\n\t\n\tconsole.log('FINAL ITEM? ' + final_item);\n\tconsole\n\tconsole.log(\n\t\tJSON.parse(\n\t\t\tJSON.parse('\"' + Qualtrics.SurveyEngine.getEmbeddedData(\"catObj\").replace(\/\"\/g, '\\\\\"') + '\"')\n\t\t)\n\t);\n});","DataVisibility":{"Private":false,"Hidden":false}}}]}